
Microsoft Visual Studio Solution File, Format Version 12.00
# Visual Studio Version 17
VisualStudioVersion = 17.14.37614.0 d17.14
MinimumVisualStudioVersion = 10.0.40219.1
Project("{FAE04EC0-301F-11D3-BF4B-00C04F79EFBC}") = "ComplaintsManagment", "ComplaintsManagment\ComplaintsManagment.csproj", "{12DE132B-B221-412B-B9D1-7D81DFFA48D6}"
EndProject
Global
	GlobalSection(SolutionConfigurationPlatforms) = preSolution
		Debug|Any CPU = Debug|Any CPU
		Release|Any CPU = Release|Any CPU
	EndGlobalSection
	GlobalSection(ProjectConfigurationPlatforms) = postSolution
		{12DE132B-B221-412B-B9D1-7D81DFFA48D6}.Debug|Any CPU.ActiveCfg = Debug|Any CPU
		{12DE132B-B221-412B-B9D1-7D81DFFA48D6}.Debug|Any CPU.Build.0 = Debug|Any CPU
		{12DE132B-B221-412B-B9D1-7D81DFFA48D6}.Release|Any CPU.ActiveCfg = Release|Any CPU
		{12DE132B-B221-412B-B9D1-7D81DFFA48D6}.Release|Any CPU.Build.0 = Release|Any CPU
	EndGlobalSection
	GlobalSection(SolutionProperties) = preSolution
		HideSolutionNode = FALSE
	EndGlobalSection
	GlobalSection(ExtensibilityGlobals) = postSolution
		SolutionGuid = {8B8D1980-ED05-4D2A-8846-630882D65E4E}
	EndGlobalSection
EndGlobal
